
Microsoft Visual Studio Solution File, Format Version 12.00
# Visual Studio 15
VisualStudioVersion = 15.0.28307.757
MinimumVisualStudioVersion = 10.0.40219.1
Project("{FAE04EC0-301F-11D3-BF4B-00C04F79EFBC}") = "agenda", "agenda\agenda.csproj", "{44381573-AA45-4DC9-BAE2-D2B0B7421C7A}"
EndProject
Global
	GlobalSection(SolutionConfigurationPlatforms) = preSolution
		Debug|Any CPU = Debug|Any CPU
		Release|Any CPU = Release|Any CPU
	EndGlobalSection
	GlobalSection(ProjectConfigurationPlatforms) = postSolution
		{44381573-AA45-4DC9-BAE2-D2B0B7421C7A}.Debug|Any CPU.ActiveCfg = Debug|Any CPU
		{44381573-AA45-4DC9-BAE2-D2B0B7421C7A}.Debug|Any CPU.Build.0 = Debug|Any CPU
		{44381573-AA45-4DC9-BAE2-D2B0B7421C7A}.Release|Any CPU.ActiveCfg = Release|Any CPU
		{44381573-AA45-4DC9-BAE2-D2B0B7421C7A}.Release|Any CPU.Build.0 = Release|Any CPU
	EndGlobalSection
	GlobalSection(SolutionProperties) = preSolution
		HideSolutionNode = FALSE
	EndGlobalSection
	GlobalSection(ExtensibilityGlobals) = postSolution
		SolutionGuid = {3AE287E4-0E1C-48D7-9369-89917C759522}
	EndGlobalSection
EndGlobal
